github.com/darenliang/jikan-go v0.0.0-20191111221916-d0d13e1ff382 h1:wcktwoA2pkTxifJGqmHmi2mlBNmawofObtbNy/nnE7E=
github.com/darenliang/jikan-go v0.0.0-20191111221916-d0d13e1ff382/go.mod h1:ipZUI91RNYm45oa3irkCyXVvaKYFW2Cintl6Vyqj3JI=
github.com/gorilla/handlers v1.4.2 h1:0QniY0USkHQ1RGCLfKxeNHK9bkDHGRYGNDFBCS+YARg=
github.com/gorilla/handlers v1.4.2/go.mod h1:Qkdc/uu4tH4g6mTK6auzZ766c4CA0Ng8+o/OAirnOIQ=
github.com/gorilla/mux v1.7.3 h1:gnP5JzjVOuiZD07fKKToCAOjS0yOpj/qPETTXCCS6hw=
github.com/gorilla/mux v1.7.3/go.mod h1:1lud6UwP+6orDFRuTfBEV8e9/aOM/c4fVVCaMa2zaAs=
github.com/oraora-io/oraora-be/seasons v0.0.0-20191114182100-5486f39b7694 h1:iE3P3C7UamyzU0vCuh+0spZYp34I1Cw1oA169HrnAxQ=
github.com/oraora-io/oraora-be/seasons v0.0.0-20191114182100-5486f39b7694/go.mod h1:5JClEIF88B0izfTinF/LnWcgo3LbdiETOV5VaxFfg90=
